
Microsoft Visual Studio Solution File, Format Version 12.00
# Visual Studio Version 17
VisualStudioVersion = 17.5.002.0
MinimumVisualStudioVersion = 10.0.40219.1
Project("{9A19103F-16F7-4668-BE54-9A1E7A4F7556}") = "TDE10", "TDE10.csproj", "{4E923CAE-F379-453D-A40F-A09557E70CDF}"
EndProject
Global
	GlobalSection(SolutionConfigurationPlatforms) = preSolution
		Debug|Any CPU = Debug|Any CPU
		Release|Any CPU = Release|Any CPU
	EndGlobalSection
	GlobalSection(ProjectConfigurationPlatforms) = postSolution
		{4E923CAE-F379-453D-A40F-A09557E70CDF}.Debug|Any CPU.ActiveCfg = Debug|Any CPU
		{4E923CAE-F379-453D-A40F-A09557E70CDF}.Debug|Any CPU.Build.0 = Debug|Any CPU
		{4E923CAE-F379-453D-A40F-A09557E70CDF}.Release|Any CPU.ActiveCfg = Release|Any CPU
		{4E923CAE-F379-453D-A40F-A09557E70CDF}.Release|Any CPU.Build.0 = Release|Any CPU
	EndGlobalSection
	GlobalSection(SolutionProperties) = preSolution
		HideSolutionNode = FALSE
	EndGlobalSection
	GlobalSection(ExtensibilityGlobals) = postSolution
		SolutionGuid = {28E351B1-FCE3-4C21-99C6-50554F28B22F}
	EndGlobalSection
EndGlobal
